
Microsoft Visual Studio Solution File, Format Version 12.00
# Visual Studio Version 16
VisualStudioVersion = 16.0.30717.126
MinimumVisualStudioVersion = 15.0.26124.0
Project("{FAE04EC0-301F-11D3-BF4B-00C04F79EFBC}") = "TrackIt.UI", "src\TrackIt.UI\TrackIt.UI.csproj", "{698DE7E0-F3A5-4D20-9651-920C483FBDBD}"
EndProject
Project("{2150E333-8FDC-42A3-9474-1A3956D46DE8}") = "src", "src", "{8B53937B-28E7-4156-BD17-21E01DE574AC}"
EndProject
Project("{FAE04EC0-301F-11D3-BF4B-00C04F79EFBC}") = "TrackIt.Test", "src\TrackIt.Test\TrackIt.Test.csproj", "{0851BA05-8EA3-469F-9327-551B558C32DF}"
EndProject
Global
	GlobalSection(SolutionConfigurationPlatforms) = preSolution
		Debug|Any CPU = Debug|Any CPU
		Release|Any CPU = Release|Any CPU
	EndGlobalSection
	GlobalSection(ProjectConfigurationPlatforms) = postSolution
		{698DE7E0-F3A5-4D20-9651-920C483FBDBD}.Debug|Any CPU.ActiveCfg = Debug|Any CPU
		{698DE7E0-F3A5-4D20-9651-920C483FBDBD}.Debug|Any CPU.Build.0 = Debug|Any CPU
		{698DE7E0-F3A5-4D20-9651-920C483FBDBD}.Release|Any CPU.ActiveCfg = Release|Any CPU
		{698DE7E0-F3A5-4D20-9651-920C483FBDBD}.Release|Any CPU.Build.0 = Release|Any CPU
		{0851BA05-8EA3-469F-9327-551B558C32DF}.Debug|Any CPU.ActiveCfg = Debug|Any CPU
		{0851BA05-8EA3-469F-9327-551B558C32DF}.Debug|Any CPU.Build.0 = Debug|Any CPU
		{0851BA05-8EA3-469F-9327-551B558C32DF}.Release|Any CPU.ActiveCfg = Debug|Any CPU
		{0851BA05-8EA3-469F-9327-551B558C32DF}.Release|Any CPU.Build.0 = Debug|Any CPU
	EndGlobalSection
	GlobalSection(SolutionProperties) = preSolution
		HideSolutionNode = FALSE
	EndGlobalSection
	GlobalSection(NestedProjects) = preSolution
		{698DE7E0-F3A5-4D20-9651-920C483FBDBD} = {8B53937B-28E7-4156-BD17-21E01DE574AC}
		{0851BA05-8EA3-469F-9327-551B558C32DF} = {8B53937B-28E7-4156-BD17-21E01DE574AC}
	EndGlobalSection
	GlobalSection(ExtensibilityGlobals) = postSolution
		SolutionGuid = {ED92ABE4-5458-44F3-81E6-2FE5D6473F0C}
	EndGlobalSection
EndGlobal
